// !$*UTF8*$!
{
	archiveVersion = 1;
	classes = {
	};
	objectVersion = 52;
	objects = {

/* Begin PBXBuildFile section */
		012FE3C826F80DC900267124 /* FilickerApp.swift in Sources */ = {isa = PBXBuildFile; fileRef = 012FE3C726F80DC900267124 /* FilickerApp.swift */; };
		012FE3CC26F80DCA00267124 /* Assets.xcassets in Resources */ = {isa = PBXBuildFile; fileRef = 012FE3CB26F80DCA00267124 /* Assets.xcassets */; };
		012FE3CF26F80DCA00267124 /* Preview Assets.xcassets in Resources */ = {isa = PBXBuildFile; fileRef = 012FE3CE26F80DCA00267124 /* Preview Assets.xcassets */; };
		012FE3FD26F80EF900267124 /* PhotoRepository.swift in Sources */ = {isa = PBXBuildFile; fileRef = 012FE3FC26F80EF900267124 /* PhotoRepository.swift */; };
		012FE40526F80F1800267124 /* CacheRepository.swift in Sources */ = {isa = PBXBuildFile; fileRef = 012FE40426F80F1800267124 /* CacheRepository.swift */; };
		012FE40B26F80F4E00267124 /* Photo.swift in Sources */ = {isa = PBXBuildFile; fileRef = 012FE40A26F80F4E00267124 /* Photo.swift */; };
		012FE41026F80F6E00267124 /* Photos.swift in Sources */ = {isa = PBXBuildFile; fileRef = 012FE40F26F80F6E00267124 /* Photos.swift */; };
		012FE41526F80F8700267124 /* ResponseBody.swift in Sources */ = {isa = PBXBuildFile; fileRef = 012FE41426F80F8700267124 /* ResponseBody.swift */; };
		012FE41B26F8100600267124 /* Kingfisher in Frameworks */ = {isa = PBXBuildFile; productRef = 012FE41A26F8100600267124 /* Kingfisher */; };
		012FE42126F8104800267124 /* PhotoServices.swift in Sources */ = {isa = PBXBuildFile; fileRef = 012FE42026F8104800267124 /* PhotoServices.swift */; };
		012FE42A26F8107A00267124 /* Router.swift in Sources */ = {isa = PBXBuildFile; fileRef = 012FE42926F8107A00267124 /* Router.swift */; };
		012FE42F26F8109200267124 /* ServiceError.swift in Sources */ = {isa = PBXBuildFile; fileRef = 012FE42E26F8109200267124 /* ServiceError.swift */; };
		012FE43426F810AA00267124 /* ServiceLayer.swift in Sources */ = {isa = PBXBuildFile; fileRef = 012FE43326F810AA00267124 /* ServiceLayer.swift */; };
		012FE43D26F814CF00267124 /* SearchPhotoInteractor.swift in Sources */ = {isa = PBXBuildFile; fileRef = 012FE43C26F814CF00267124 /* SearchPhotoInteractor.swift */; };
		012FE44226F814F300267124 /* SearchPhotoPresenter.swift in Sources */ = {isa = PBXBuildFile; fileRef = 012FE44126F814F300267124 /* SearchPhotoPresenter.swift */; };
		012FE44726F8153C00267124 /* SearchPhotoView.swift in Sources */ = {isa = PBXBuildFile; fileRef = 012FE44626F8153C00267124 /* SearchPhotoView.swift */; };
		012FE44C26F8157100267124 /* SearchBarView.swift in Sources */ = {isa = PBXBuildFile; fileRef = 012FE44B26F8157100267124 /* SearchBarView.swift */; };
		012FE45126F8158C00267124 /* HistoryCellView.swift in Sources */ = {isa = PBXBuildFile; fileRef = 012FE45026F8158C00267124 /* HistoryCellView.swift */; };
		012FE45626F815AC00267124 /* SearchResultView.swift in Sources */ = {isa = PBXBuildFile; fileRef = 012FE45526F815AC00267124 /* SearchResultView.swift */; };
		012FE45B26F815CF00267124 /* SearchPhotoModuleBuilder.swift in Sources */ = {isa = PBXBuildFile; fileRef = 012FE45A26F815CF00267124 /* SearchPhotoModuleBuilder.swift */; };
		012FE46026F815FA00267124 /* FileCacheServices.swift in Sources */ = {isa = PBXBuildFile; fileRef = 012FE45F26F815FA00267124 /* FileCacheServices.swift */; };
		012FE47026F82FE700267124 /* MockPhotoService.swift in Sources */ = {isa = PBXBuildFile; fileRef = 012FE46F26F82FE700267124 /* MockPhotoService.swift */; };
		012FE47526F8301E00267124 /* MockPhoto.swift in Sources */ = {isa = PBXBuildFile; fileRef = 012FE47426F8301E00267124 /* MockPhoto.swift */; };
		012FE47D26F8336000267124 /* SearchPhotoInteractorTests.swift in Sources */ = {isa = PBXBuildFile; fileRef = 012FE47C26F8336000267124 /* SearchPhotoInteractorTests.swift */; };
		012FE48326F8343E00267124 /* MockCacheService.swift in Sources */ = {isa = PBXBuildFile; fileRef = 012FE48226F8343E00267124 /* MockCacheService.swift */; };
		01ACB1D226FAD29100ADCA04 /* SearchPhotoPresenterTests.swift in Sources */ = {isa = PBXBuildFile; fileRef = 01ACB1D126FAD29100ADCA04 /* SearchPhotoPresenterTests.swift */; };
/* End PBXBuildFile section */

/* Begin PBXContainerItemProxy section */
		012FE3D626F80DCB00267124 /* PBXContainerItemProxy */ = {
			isa = PBXContainerItemProxy;
			containerPortal = 012FE3BC26F80DC900267124 /* Project object */;
			proxyType = 1;
			remoteGlobalIDString = 012FE3C326F80DC900267124;
			remoteInfo = Filicker;
		};
/* End PBXContainerItemProxy section */

/* Begin PBXFileReference section */
		012FE3C426F80DC900267124 /* Filicker.app */ = {isa = PBXFileReference; explicitFileType = wrapper.application; includeInIndex = 0; path = Filicker.app; sourceTree = BUILT_PRODUCTS_DIR; };
		012FE3C726F80DC900267124 /* FilickerApp.swift */ = {isa = PBXFileReference; lastKnownFileType = sourcecode.swift; path = FilickerApp.swift; sourceTree = "<group>"; };
		012FE3CB26F80DCA00267124 /* Assets.xcassets */ = {isa = PBXFileReference; lastKnownFileType = folder.assetcatalog; path = Assets.xcassets; sourceTree = "<group>"; };
		012FE3CE26F80DCA00267124 /* Preview Assets.xcassets */ = {isa = PBXFileReference; lastKnownFileType = folder.assetcatalog; path = "Preview Assets.xcassets"; sourceTree = "<group>"; };
		012FE3D026F80DCA00267124 /* Info.plist */ = {isa = PBXFileReference; lastKnownFileType = text.plist.xml; path = Info.plist; sourceTree = "<group>"; };
		012FE3D526F80DCB00267124 /* FilickerTests.xctest */ = {isa = PBXFileReference; explicitFileType = wrapper.cfbundle; includeInIndex = 0; path = FilickerTests.xctest; sourceTree = BUILT_PRODUCTS_DIR; };
		012FE3DB26F80DCB00267124 /* Info.plist */ = {isa = PBXFileReference; lastKnownFileType = text.plist.xml; path = Info.plist; sourceTree = "<group>"; };
		012FE3FC26F80EF900267124 /* PhotoRepository.swift */ = {isa = PBXFileReference; lastKnownFileType = sourcecode.swift; path = PhotoRepository.swift; sourceTree = "<group>"; };
		012FE40426F80F1800267124 /* CacheRepository.swift */ = {isa = PBXFileReference; lastKnownFileType = sourcecode.swift; path = CacheRepository.swift; sourceTree = "<group>"; };
		012FE40A26F80F4E00267124 /* Photo.swift */ = {isa = PBXFileReference; lastKnownFileType = sourcecode.swift; path = Photo.swift; sourceTree = "<group>"; };
		012FE40F26F80F6E00267124 /* Photos.swift */ = {isa = PBXFileReference; lastKnownFileType = sourcecode.swift; path = Photos.swift; sourceTree = "<group>"; };
		012FE41426F80F8700267124 /* ResponseBody.swift */ = {isa = PBXFileReference; lastKnownFileType = sourcecode.swift; path = ResponseBody.swift; sourceTree = "<group>"; };
		012FE42026F8104800267124 /* PhotoServices.swift */ = {isa = PBXFileReference; lastKnownFileType = sourcecode.swift; path = PhotoServices.swift; sourceTree = "<group>"; };
		012FE42926F8107A00267124 /* Router.swift */ = {isa = PBXFileReference; lastKnownFileType = sourcecode.swift; path = Router.swift; sourceTree = "<group>"; };
		012FE42E26F8109200267124 /* ServiceError.swift */ = {isa = PBXFileReference; lastKnownFileType = sourcecode.swift; path = ServiceError.swift; sourceTree = "<group>"; };
		012FE43326F810AA00267124 /* ServiceLayer.swift */ = {isa = PBXFileReference; lastKnownFileType = sourcecode.swift; path = ServiceLayer.swift; sourceTree = "<group>"; };
		012FE43C26F814CF00267124 /* SearchPhotoInteractor.swift */ = {isa = PBXFileReference; lastKnownFileType = sourcecode.swift; path = SearchPhotoInteractor.swift; sourceTree = "<group>"; };
		012FE44126F814F300267124 /* SearchPhotoPresenter.swift */ = {isa = PBXFileReference; lastKnownFileType = sourcecode.swift; path = SearchPhotoPresenter.swift; sourceTree = "<group>"; };
		012FE44626F8153C00267124 /* SearchPhotoView.swift */ = {isa = PBXFileReference; lastKnownFileType = sourcecode.swift; path = SearchPhotoView.swift; sourceTree = "<group>"; };
		012FE44B26F8157100267124 /* SearchBarView.swift */ = {isa = PBXFileReference; lastKnownFileType = sourcecode.swift; path = SearchBarView.swift; sourceTree = "<group>"; };
		012FE45026F8158C00267124 /* HistoryCellView.swift */ = {isa = PBXFileReference; lastKnownFileType = sourcecode.swift; path = HistoryCellView.swift; sourceTree = "<group>"; };
		012FE45526F815AC00267124 /* SearchResultView.swift */ = {isa = PBXFileReference; lastKnownFileType = sourcecode.swift; path = SearchResultView.swift; sourceTree = "<group>"; };
		012FE45A26F815CF00267124 /* SearchPhotoModuleBuilder.swift */ = {isa = PBXFileReference; lastKnownFileType = sourcecode.swift; path = SearchPhotoModuleBuilder.swift; sourceTree = "<group>"; };
		012FE45F26F815FA00267124 /* FileCacheServices.swift */ = {isa = PBXFileReference; lastKnownFileType = sourcecode.swift; path = FileCacheServices.swift; sourceTree = "<group>"; };
		012FE46F26F82FE700267124 /* MockPhotoService.swift */ = {isa = PBXFileReference; lastKnownFileType = sourcecode.swift; path = MockPhotoService.swift; sourceTree = "<group>"; };
		012FE47426F8301E00267124 /* MockPhoto.swift */ = {isa = PBXFileReference; lastKnownFileType = sourcecode.swift; path = MockPhoto.swift; sourceTree = "<group>"; };
		012FE47C26F8336000267124 /* SearchPhotoInteractorTests.swift */ = {isa = PBXFileReference; lastKnownFileType = sourcecode.swift; path = SearchPhotoInteractorTests.swift; sourceTree = "<group>"; };
		012FE48226F8343E00267124 /* MockCacheService.swift */ = {isa = PBXFileReference; lastKnownFileType = sourcecode.swift; path = MockCacheService.swift; sourceTree = "<group>"; };
		01ACB1D126FAD29100ADCA04 /* SearchPhotoPresenterTests.swift */ = {isa = PBXFileReference; lastKnownFileType = sourcecode.swift; path = SearchPhotoPresenterTests.swift; sourceTree = "<group>"; };
/* End PBXFileReference section */

/* Begin PBXFrameworksBuildPhase section */
		012FE3C126F80DC900267124 /* Frameworks */ = {
			isa = PBXFrameworksBuildPhase;
			buildActionMask = 2147483647;
			files = (
				012FE41B26F8100600267124 /* Kingfisher in Frameworks */,
			);
			runOnlyForDeploymentPostprocessing = 0;
		};
		012FE3D226F80DCB00267124 /* Frameworks */ = {
			isa = PBXFrameworksBuildPhase;
			buildActionMask = 2147483647;
			files = (
			);
			runOnlyForDeploymentPostprocessing = 0;
		};
/* End PBXFrameworksBuildPhase section */

/* Begin PBXGroup section */
		012FE3BB26F80DC900267124 = {
			isa = PBXGroup;
			children = (
				012FE3C626F80DC900267124 /* Filicker */,
				012FE3D826F80DCB00267124 /* FilickerTests */,
				012FE3C526F80DC900267124 /* Products */,
			);
			sourceTree = "<group>";
		};
		012FE3C526F80DC900267124 /* Products */ = {
			isa = PBXGroup;
			children = (
				012FE3C426F80DC900267124 /* Filicker.app */,
				012FE3D526F80DCB00267124 /* FilickerTests.xctest */,
			);
			name = Products;
			sourceTree = "<group>";
		};
		012FE3C626F80DC900267124 /* Filicker */ = {
			isa = PBXGroup;
			children = (
				012FE43826F8149900267124 /* SearchPhotoModule */,
				012FE42826F8105C00267124 /* Network */,
				012FE3F926F80ED400267124 /* Domain */,
				012FE3C726F80DC900267124 /* FilickerApp.swift */,
				012FE3CB26F80DCA00267124 /* Assets.xcassets */,
				012FE3D026F80DCA00267124 /* Info.plist */,
				012FE3CD26F80DCA00267124 /* Preview Content */,
			);
			path = Filicker;
			sourceTree = "<group>";
		};
		012FE3CD26F80DCA00267124 /* Preview Content */ = {
			isa = PBXGroup;
			children = (
				012FE3CE26F80DCA00267124 /* Preview Assets.xcassets */,
			);
			path = "Preview Content";
			sourceTree = "<group>";
		};
		012FE3D826F80DCB00267124 /* FilickerTests */ = {
			isa = PBXGroup;
			children = (
				012FE47A26F8333E00267124 /* SearchPhotoModule */,
				012FE46D26F82F9600267124 /* DomainTests */,
				012FE3DB26F80DCB00267124 /* Info.plist */,
			);
			path = FilickerTests;
			sourceTree = "<group>";
		};
		012FE3F926F80ED400267124 /* Domain */ = {
			isa = PBXGroup;
			children = (
				012FE40926F80F3D00267124 /* Entities */,
				012FE3FB26F80EE400267124 /* Repositories */,
				012FE3FA26F80ED900267124 /* Services */,
			);
			path = Domain;
			sourceTree = "<group>";
		};
		012FE3FA26F80ED900267124 /* Services */ = {
			isa = PBXGroup;
			children = (
				012FE42026F8104800267124 /* PhotoServices.swift */,
				012FE45F26F815FA00267124 /* FileCacheServices.swift */,
			);
			path = Services;
			sourceTree = "<group>";
		};
		012FE3FB26F80EE400267124 /* Repositories */ = {
			isa = PBXGroup;
			children = (
				012FE3FC26F80EF900267124 /* PhotoRepository.swift */,
				012FE40426F80F1800267124 /* CacheRepository.swift */,
			);
			path = Repositories;
			sourceTree = "<group>";
		};
		012FE40926F80F3D00267124 /* Entities */ = {
			isa = PBXGroup;
			children = (
				012FE40A26F80F4E00267124 /* Photo.swift */,
				012FE40F26F80F6E00267124 /* Photos.swift */,
				012FE41426F80F8700267124 /* ResponseBody.swift */,
			);
			path = Entities;
			sourceTree = "<group>";
		};
		012FE42826F8105C00267124 /* Network */ = {
			isa = PBXGroup;
			children = (
				012FE42926F8107A00267124 /* Router.swift */,
				012FE42E26F8109200267124 /* ServiceError.swift */,
				012FE43326F810AA00267124 /* ServiceLayer.swift */,
			);
			path = Network;
			sourceTree = "<group>";
		};
		012FE43826F8149900267124 /* SearchPhotoModule */ = {
			isa = PBXGroup;
			children = (
				012FE43B26F814AB00267124 /* Interactor */,
				012FE43A26F814A400267124 /* Presenter */,
				012FE43926F8149F00267124 /* View */,
				012FE45A26F815CF00267124 /* SearchPhotoModuleBuilder.swift */,
			);
			path = SearchPhotoModule;
			sourceTree = "<group>";
		};
		012FE43926F8149F00267124 /* View */ = {
			isa = PBXGroup;
			children = (
				012FE44626F8153C00267124 /* SearchPhotoView.swift */,
				012FE44B26F8157100267124 /* SearchBarView.swift */,
				012FE45026F8158C00267124 /* HistoryCellView.swift */,
				012FE45526F815AC00267124 /* SearchResultView.swift */,
			);
			path = View;
			sourceTree = "<group>";
		};
		012FE43A26F814A400267124 /* Presenter */ = {
			isa = PBXGroup;
			children = (
				012FE44126F814F300267124 /* SearchPhotoPresenter.swift */,
			);
			path = Presenter;
			sourceTree = "<group>";
		};
		012FE43B26F814AB00267124 /* Interactor */ = {
			isa = PBXGroup;
			children = (
				012FE43C26F814CF00267124 /* SearchPhotoInteractor.swift */,
			);
			path = Interactor;
			sourceTree = "<group>";
		};
		012FE46D26F82F9600267124 /* DomainTests */ = {
			isa = PBXGroup;
			children = (
				012FE47326F8300200267124 /* Entities */,
				012FE46E26F82FC600267124 /* ServicesTests */,
			);
			path = DomainTests;
			sourceTree = "<group>";
		};
		012FE46E26F82FC600267124 /* ServicesTests */ = {
			isa = PBXGroup;
			children = (
				012FE46F26F82FE700267124 /* MockPhotoService.swift */,
				012FE48226F8343E00267124 /* MockCacheService.swift */,
			);
			path = ServicesTests;
			sourceTree = "<group>";
		};
		012FE47326F8300200267124 /* Entities */ = {
			isa = PBXGroup;
			children = (
				012FE47426F8301E00267124 /* MockPhoto.swift */,
			);
			path = Entities;
			sourceTree = "<group>";
		};
		012FE47A26F8333E00267124 /* SearchPhotoModule */ = {
			isa = PBXGroup;
			children = (
				01ACB1D026FAD27200ADCA04 /* PresenterTests */,
				012FE47B26F8334400267124 /* InteractorTests */,
			);
			path = SearchPhotoModule;
			sourceTree = "<group>";
		};
		012FE47B26F8334400267124 /* InteractorTests */ = {
			isa = PBXGroup;
			children = (
				012FE47C26F8336000267124 /* SearchPhotoInteractorTests.swift */,
			);
			path = InteractorTests;
			sourceTree = "<group>";
		};
		01ACB1D026FAD27200ADCA04 /* PresenterTests */ = {
			isa = PBXGroup;
			children = (
				01ACB1D126FAD29100ADCA04 /* SearchPhotoPresenterTests.swift */,
			);
			path = PresenterTests;
			sourceTree = "<group>";
		};
/* End PBXGroup section */

/* Begin PBXNativeTarget section */
		012FE3C326F80DC900267124 /* Filicker */ = {
			isa = PBXNativeTarget;
			buildConfigurationList = 012FE3E926F80DCB00267124 /* Build configuration list for PBXNativeTarget "Filicker" */;
			buildPhases = (
				012FE3C026F80DC900267124 /* Sources */,
				012FE3C126F80DC900267124 /* Frameworks */,
				012FE3C226F80DC900267124 /* Resources */,
				012FE3F526F80E4300267124 /* SwiftLint */,
			);
			buildRules = (
			);
			dependencies = (
			);
			name = Filicker;
			packageProductDependencies = (
				012FE41A26F8100600267124 /* Kingfisher */,
			);
			productName = Filicker;
			productReference = 012FE3C426F80DC900267124 /* Filicker.app */;
			productType = "com.apple.product-type.application";
		};
		012FE3D426F80DCB00267124 /* FilickerTests */ = {
			isa = PBXNativeTarget;
			buildConfigurationList = 012FE3EC26F80DCB00267124 /* Build configuration list for PBXNativeTarget "FilickerTests" */;
			buildPhases = (
				012FE3D126F80DCB00267124 /* Sources */,
				012FE3D226F80DCB00267124 /* Frameworks */,
				012FE3D326F80DCB00267124 /* Resources */,
			);
			buildRules = (
			);
			dependencies = (
				012FE3D726F80DCB00267124 /* PBXTargetDependency */,
			);
			name = FilickerTests;
			productName = FilickerTests;
			productReference = 012FE3D526F80DCB00267124 /* FilickerTests.xctest */;
			productType = "com.apple.product-type.bundle.unit-test";
		};
/* End PBXNativeTarget section */

/* Begin PBXProject section */
		012FE3BC26F80DC900267124 /* Project object */ = {
			isa = PBXProject;
			attributes = {
				LastSwiftUpdateCheck = 1210;
				LastUpgradeCheck = 1210;
				TargetAttributes = {
					012FE3C326F80DC900267124 = {
						CreatedOnToolsVersion = 12.1;
					};
					012FE3D426F80DCB00267124 = {
						CreatedOnToolsVersion = 12.1;
						LastSwiftMigration = 1210;
						TestTargetID = 012FE3C326F80DC900267124;
					};
				};
			};
			buildConfigurationList = 012FE3BF26F80DC900267124 /* Build configuration list for PBXProject "Filicker" */;
			compatibilityVersion = "Xcode 9.3";
			developmentRegion = en;
			hasScannedForEncodings = 0;
			knownRegions = (
				en,
				Base,
			);
			mainGroup = 012FE3BB26F80DC900267124;
			packageReferences = (
				012FE41926F8100600267124 /* XCRemoteSwiftPackageReference "Kingfisher" */,
			);
			productRefGroup = 012FE3C526F80DC900267124 /* Products */;
			projectDirPath = "";
			projectRoot = "";
			targets = (
				012FE3C326F80DC900267124 /* Filicker */,
				012FE3D426F80DCB00267124 /* FilickerTests */,
			);
		};
/* End PBXProject section */

/* Begin PBXResourcesBuildPhase section */
		012FE3C226F80DC900267124 /* Resources */ = {
			isa = PBXResourcesBuildPhase;
			buildActionMask = 2147483647;
			files = (
				012FE3CF26F80DCA00267124 /* Preview Assets.xcassets in Resources */,
				012FE3CC26F80DCA00267124 /* Assets.xcassets in Resources */,
			);
			runOnlyForDeploymentPostprocessing = 0;
		};
		012FE3D326F80DCB00267124 /* Resources */ = {
			isa = PBXResourcesBuildPhase;
			buildActionMask = 2147483647;
			files = (
			);
			runOnlyForDeploymentPostprocessing = 0;
		};
/* End PBXResourcesBuildPhase section */

/* Begin PBXShellScriptBuildPhase section */
		012FE3F526F80E4300267124 /* SwiftLint */ = {
			isa = PBXShellScriptBuildPhase;
			buildActionMask = 2147483647;
			files = (
			);
			inputFileListPaths = (
			);
			inputPaths = (
			);
			name = SwiftLint;
			outputFileListPaths = (
			);
			outputPaths = (
			);
			runOnlyForDeploymentPostprocessing = 0;
			shellPath = /bin/sh;
			shellScript = "# Type a script or drag a script file from your workspace to insert its path.\n#if which swiftlint >/dev/null; then\n#  swiftlint\n#else\n#  echo \"warning: SwiftLint not installed, download from https://github.com/realm/SwiftLint\"\n#fi\n";
		};
/* End PBXShellScriptBuildPhase section */

/* Begin PBXSourcesBuildPhase section */
		012FE3C026F80DC900267124 /* Sources */ = {
			isa = PBXSourcesBuildPhase;
			buildActionMask = 2147483647;
			files = (
				012FE42F26F8109200267124 /* ServiceError.swift in Sources */,
				012FE41526F80F8700267124 /* ResponseBody.swift in Sources */,
				012FE45B26F815CF00267124 /* SearchPhotoModuleBuilder.swift in Sources */,
				012FE41026F80F6E00267124 /* Photos.swift in Sources */,
				012FE40526F80F1800267124 /* CacheRepository.swift in Sources */,
				012FE44226F814F300267124 /* SearchPhotoPresenter.swift in Sources */,
				012FE46026F815FA00267124 /* FileCacheServices.swift in Sources */,
				012FE42A26F8107A00267124 /* Router.swift in Sources */,
				012FE42126F8104800267124 /* PhotoServices.swift in Sources */,
				012FE3FD26F80EF900267124 /* PhotoRepository.swift in Sources */,
				012FE43426F810AA00267124 /* ServiceLayer.swift in Sources */,
				012FE44C26F8157100267124 /* SearchBarView.swift in Sources */,
				012FE43D26F814CF00267124 /* SearchPhotoInteractor.swift in Sources */,
				012FE45626F815AC00267124 /* SearchResultView.swift in Sources */,
				012FE3C826F80DC900267124 /* FilickerApp.swift in Sources */,
				012FE45126F8158C00267124 /* HistoryCellView.swift in Sources */,
				012FE40B26F80F4E00267124 /* Photo.swift in Sources */,
				012FE44726F8153C00267124 /* SearchPhotoView.swift in Sources */,
			);
			runOnlyForDeploymentPostprocessing = 0;
		};
		012FE3D126F80DCB00267124 /* Sources */ = {
			isa = PBXSourcesBuildPhase;
			buildActionMask = 2147483647;
			files = (
				012FE48326F8343E00267124 /* MockCacheService.swift in Sources */,
				012FE47526F8301E00267124 /* MockPhoto.swift in Sources */,
				012FE47D26F8336000267124 /* SearchPhotoInteractorTests.swift in Sources */,
				012FE47026F82FE700267124 /* MockPhotoService.swift in Sources */,
				01ACB1D226FAD29100ADCA04 /* SearchPhotoPresenterTests.swift in Sources */,
			);
			runOnlyForDeploymentPostprocessing = 0;
		};
/* End PBXSourcesBuildPhase section */

/* Begin PBXTargetDependency section */
		012FE3D726F80DCB00267124 /* PBXTargetDependency */ = {
			isa = PBXTargetDependency;
			target = 012FE3C326F80DC900267124 /* Filicker */;
			targetProxy = 012FE3D626F80DCB00267124 /* PBXContainerItemProxy */;
		};
/* End PBXTargetDependency section */

/* Begin XCBuildConfiguration section */
		012FE3E726F80DCB00267124 /* Debug */ = {
			isa = XCBuildConfiguration;
			buildSettings = {
				ALWAYS_SEARCH_USER_PATHS = NO;
				CLANG_ANALYZER_NONNULL = YES;
				CLANG_ANALYZER_NUMBER_OBJECT_CONVERSION = YES_AGGRESSIVE;
				CLANG_CXX_LANGUAGE_STANDARD = "gnu++14";
				CLANG_CXX_LIBRARY = "libc++";
				CLANG_ENABLE_MODULES = YES;
				CLANG_ENABLE_OBJC_ARC = YES;
				CLANG_ENABLE_OBJC_WEAK = YES;
				CLANG_WARN_BLOCK_CAPTURE_AUTORELEASING = YES;
				CLANG_WARN_BOOL_CONVERSION = YES;
				CLANG_WARN_COMMA = YES;
				CLANG_WARN_CONSTANT_CONVERSION = YES;
				CLANG_WARN_DEPRECATED_OBJC_IMPLEMENTATIONS = YES;
				CLANG_WARN_DIRECT_OBJC_ISA_USAGE = YES_ERROR;
				CLANG_WARN_DOCUMENTATION_COMMENTS = YES;
				CLANG_WARN_EMPTY_BODY = YES;
				CLANG_WARN_ENUM_CONVERSION = YES;
				CLANG_WARN_INFINITE_RECURSION = YES;
				CLANG_WARN_INT_CONVERSION = YES;
				CLANG_WARN_NON_LITERAL_NULL_CONVERSION = YES;
				CLANG_WARN_OBJC_IMPLICIT_RETAIN_SELF = YES;
				CLANG_WARN_OBJC_LITERAL_CONVERSION = YES;
				CLANG_WARN_OBJC_ROOT_CLASS = YES_ERROR;
				CLANG_WARN_QUOTED_INCLUDE_IN_FRAMEWORK_HEADER = YES;
				CLANG_WARN_RANGE_LOOP_ANALYSIS = YES;
				CLANG_WARN_STRICT_PROTOTYPES = YES;
				CLANG_WARN_SUSPICIOUS_MOVE = YES;
				CLANG_WARN_UNGUARDED_AVAILABILITY = YES_AGGRESSIVE;
				CLANG_WARN_UNREACHABLE_CODE = YES;
				CLANG_WARN__DUPLICATE_METHOD_MATCH = YES;
				COPY_PHASE_STRIP = NO;
				DEBUG_INFORMATION_FORMAT = dwarf;
				ENABLE_STRICT_OBJC_MSGSEND = YES;
				ENABLE_TESTABILITY = YES;
				GCC_C_LANGUAGE_STANDARD = gnu11;
				GCC_DYNAMIC_NO_PIC = NO;
				GCC_NO_COMMON_BLOCKS = YES;
				GCC_OPTIMIZATION_LEVEL = 0;
				GCC_PREPROCESSOR_DEFINITIONS = (
					"DEBUG=1",
					"$(inherited)",
				);
				GCC_WARN_64_TO_32_BIT_CONVERSION = YES;
				GCC_WARN_ABOUT_RETURN_TYPE = YES_ERROR;
				GCC_WARN_UNDECLARED_SELECTOR = YES;
				GCC_WARN_UNINITIALIZED_AUTOS = YES_AGGRESSIVE;
				GCC_WARN_UNUSED_FUNCTION = YES;
				GCC_WARN_UNUSED_VARIABLE = YES;
				IPHONEOS_DEPLOYMENT_TARGET = 14.1;
				MTL_ENABLE_DEBUG_INFO = INCLUDE_SOURCE;
				MTL_FAST_MATH = YES;
				ONLY_ACTIVE_ARCH = YES;
				SDKROOT = iphoneos;
				SWIFT_ACTIVE_COMPILATION_CONDITIONS = DEBUG;
				SWIFT_OPTIMIZATION_LEVEL = "-Onone";
			};
			name = Debug;
		};
		012FE3E826F80DCB00267124 /* Release */ = {
			isa = XCBuildConfiguration;
			buildSettings = {
				ALWAYS_SEARCH_USER_PATHS = NO;
				CLANG_ANALYZER_NONNULL = YES;
				CLANG_ANALYZER_NUMBER_OBJECT_CONVERSION = YES_AGGRESSIVE;
				CLANG_CXX_LANGUAGE_STANDARD = "gnu++14";
				CLANG_CXX_LIBRARY = "libc++";
				CLANG_ENABLE_MODULES = YES;
				CLANG_ENABLE_OBJC_ARC = YES;
				CLANG_ENABLE_OBJC_WEAK = YES;
				CLANG_WARN_BLOCK_CAPTURE_AUTORELEASING = YES;
				CLANG_WARN_BOOL_CONVERSION = YES;
				CLANG_WARN_COMMA = YES;
				CLANG_WARN_CONSTANT_CONVERSION = YES;
				CLANG_WARN_DEPRECATED_OBJC_IMPLEMENTATIONS = YES;
				CLANG_WARN_DIRECT_OBJC_ISA_USAGE = YES_ERROR;
				CLANG_WARN_DOCUMENTATION_COMMENTS = YES;
				CLANG_WARN_EMPTY_BODY = YES;
				CLANG_WARN_ENUM_CONVERSION = YES;
				CLANG_WARN_INFINITE_RECURSION = YES;
				CLANG_WARN_INT_CONVERSION = YES;
				CLANG_WARN_NON_LITERAL_NULL_CONVERSION = YES;
				CLANG_WARN_OBJC_IMPLICIT_RETAIN_SELF = YES;
				CLANG_WARN_OBJC_LITERAL_CONVERSION = YES;
				CLANG_WARN_OBJC_ROOT_CLASS = YES_ERROR;
				CLANG_WARN_QUOTED_INCLUDE_IN_FRAMEWORK_HEADER = YES;
				CLANG_WARN_RANGE_LOOP_ANALYSIS = YES;
				CLANG_WARN_STRICT_PROTOTYPES = YES;
				CLANG_WARN_SUSPICIOUS_MOVE = YES;
				CLANG_WARN_UNGUARDED_AVAILABILITY = YES_AGGRESSIVE;
				CLANG_WARN_UNREACHABLE_CODE = YES;
				CLANG_WARN__DUPLICATE_METHOD_MATCH = YES;
				COPY_PHASE_STRIP = NO;
				DEBUG_INFORMATION_FORMAT = "dwarf-with-dsym";
				ENABLE_NS_ASSERTIONS = NO;
				ENABLE_STRICT_OBJC_MSGSEND = YES;
				GCC_C_LANGUAGE_STANDARD = gnu11;
				GCC_NO_COMMON_BLOCKS = YES;
				GCC_WARN_64_TO_32_BIT_CONVERSION = YES;
				GCC_WARN_ABOUT_RETURN_TYPE = YES_ERROR;
				GCC_WARN_UNDECLARED_SELECTOR = YES;
				GCC_WARN_UNINITIALIZED_AUTOS = YES_AGGRESSIVE;
				GCC_WARN_UNUSED_FUNCTION = YES;
				GCC_WARN_UNUSED_VARIABLE = YES;
				IPHONEOS_DEPLOYMENT_TARGET = 14.1;
				MTL_ENABLE_DEBUG_INFO = NO;
				MTL_FAST_MATH = YES;
				SDKROOT = iphoneos;
				SWIFT_COMPILATION_MODE = wholemodule;
				SWIFT_OPTIMIZATION_LEVEL = "-O";
				VALIDATE_PRODUCT = YES;
			};
			name = Release;
		};
		012FE3EA26F80DCB00267124 /* Debug */ = {
			isa = XCBuildConfiguration;
			buildSettings = {
				ASSETCATALOG_COMPILER_APPICON_NAME = AppIcon;
				ASSETCATALOG_COMPILER_GLOBAL_ACCENT_COLOR_NAME = AccentColor;
				CODE_SIGN_STYLE = Automatic;
				DEVELOPMENT_ASSET_PATHS = "\"Filicker/Preview Content\"";
				DEVELOPMENT_TEAM = WUQEBT7FU5;
				ENABLE_PREVIEWS = YES;
				INFOPLIST_FILE = Filicker/Info.plist;
				IPHONEOS_DEPLOYMENT_TARGET = 14.0;
				LD_RUNPATH_SEARCH_PATHS = (
					"$(inherited)",
					"@executable_path/Frameworks",
				);
				PRODUCT_BUNDLE_IDENTIFIER = com.amirtutunchi.challenge.Filicker;
				PRODUCT_NAME = "$(TARGET_NAME)";
				SWIFT_VERSION = 5.0;
				TARGETED_DEVICE_FAMILY = "1,2";
			};
			name = Debug;
		};
		012FE3EB26F80DCB00267124 /* Release */ = {
			isa = XCBuildConfiguration;
			buildSettings = {
				ASSETCATALOG_COMPILER_APPICON_NAME = AppIcon;
				ASSETCATALOG_COMPILER_GLOBAL_ACCENT_COLOR_NAME = AccentColor;
				CODE_SIGN_STYLE = Automatic;
				DEVELOPMENT_ASSET_PATHS = "\"Filicker/Preview Content\"";
				DEVELOPMENT_TEAM = WUQEBT7FU5;
				ENABLE_PREVIEWS = YES;
				INFOPLIST_FILE = Filicker/Info.plist;
				IPHONEOS_DEPLOYMENT_TARGET = 14.0;
				LD_RUNPATH_SEARCH_PATHS = (
					"$(inherited)",
					"@executable_path/Frameworks",
				);
				PRODUCT_BUNDLE_IDENTIFIER = com.amirtutunchi.challenge.Filicker;
				PRODUCT_NAME = "$(TARGET_NAME)";
				SWIFT_VERSION = 5.0;
				TARGETED_DEVICE_FAMILY = "1,2";
			};
			name = Release;
		};
		012FE3ED26F80DCB00267124 /* Debug */ = {
			isa = XCBuildConfiguration;
			buildSettings = {
				ALWAYS_EMBED_SWIFT_STANDARD_LIBRARIES = YES;
				BUNDLE_LOADER = "$(TEST_HOST)";
				CLANG_ENABLE_MODULES = YES;
				CODE_SIGN_STYLE = Automatic;
				DEVELOPMENT_TEAM = WUQEBT7FU5;
				INFOPLIST_FILE = FilickerTests/Info.plist;
				IPHONEOS_DEPLOYMENT_TARGET = 14.0;
				LD_RUNPATH_SEARCH_PATHS = (
					"$(inherited)",
					"@executable_path/Frameworks",
					"@loader_path/Frameworks",
				);
				PRODUCT_BUNDLE_IDENTIFIER = com.amirtutunchi.challenge.FilickerTests;
				PRODUCT_NAME = "$(TARGET_NAME)";
				SWIFT_OPTIMIZATION_LEVEL = "-Onone";
				SWIFT_VERSION = 5.0;
				TARGETED_DEVICE_FAMILY = "1,2";
				TEST_HOST = "$(BUILT_PRODUCTS_DIR)/Filicker.app/Filicker";
			};
			name = Debug;
		};
		012FE3EE26F80DCB00267124 /* Release */ = {
			isa = XCBuildConfiguration;
			buildSettings = {
				ALWAYS_EMBED_SWIFT_STANDARD_LIBRARIES = YES;
				BUNDLE_LOADER = "$(TEST_HOST)";
				CLANG_ENABLE_MODULES = YES;
				CODE_SIGN_STYLE = Automatic;
				DEVELOPMENT_TEAM = WUQEBT7FU5;
				INFOPLIST_FILE = FilickerTests/Info.plist;
				IPHONEOS_DEPLOYMENT_TARGET = 14.0;
				LD_RUNPATH_SEARCH_PATHS = (
					"$(inherited)",
					"@executable_path/Frameworks",
					"@loader_path/Frameworks",
				);
				PRODUCT_BUNDLE_IDENTIFIER = com.amirtutunchi.challenge.FilickerTests;
				PRODUCT_NAME = "$(TARGET_NAME)";
				SWIFT_VERSION = 5.0;
				TARGETED_DEVICE_FAMILY = "1,2";
				TEST_HOST = "$(BUILT_PRODUCTS_DIR)/Filicker.app/Filicker";
			};
			name = Release;
		};
/* End XCBuildConfiguration section */

/* Begin XCConfigurationList section */
		012FE3BF26F80DC900267124 /* Build configuration list for PBXProject "Filicker" */ = {
			isa = XCConfigurationList;
			buildConfigurations = (
				012FE3E726F80DCB00267124 /* Debug */,
				012FE3E826F80DCB00267124 /* Release */,
			);
			defaultConfigurationIsVisible = 0;
			defaultConfigurationName = Release;
		};
		012FE3E926F80DCB00267124 /* Build configuration list for PBXNativeTarget "Filicker" */ = {
			isa = XCConfigurationList;
			buildConfigurations = (
				012FE3EA26F80DCB00267124 /* Debug */,
				012FE3EB26F80DCB00267124 /* Release */,
			);
			defaultConfigurationIsVisible = 0;
			defaultConfigurationName = Release;
		};
		012FE3EC26F80DCB00267124 /* Build configuration list for PBXNativeTarget "FilickerTests" */ = {
			isa = XCConfigurationList;
			buildConfigurations = (
				012FE3ED26F80DCB00267124 /* Debug */,
				012FE3EE26F80DCB00267124 /* Release */,
			);
			defaultConfigurationIsVisible = 0;
			defaultConfigurationName = Release;
		};
/* End XCConfigurationList section */

/* Begin XCRemoteSwiftPackageReference section */
		012FE41926F8100600267124 /* XCRemoteSwiftPackageReference "Kingfisher" */ = {
			isa = XCRemoteSwiftPackageReference;
			repositoryURL = "https://github.com/onevcat/Kingfisher.git";
			requirement = {
				kind = upToNextMajorVersion;
				minimumVersion = 6.3.1;
			};
		};
/* End XCRemoteSwiftPackageReference section */

/* Begin XCSwiftPackageProductDependency section */
		012FE41A26F8100600267124 /* Kingfisher */ = {
			isa = XCSwiftPackageProductDependency;
			package = 012FE41926F8100600267124 /* XCRemoteSwiftPackageReference "Kingfisher" */;
			productName = Kingfisher;
		};
/* End XCSwiftPackageProductDependency section */
	};
	rootObject = 012FE3BC26F80DC900267124 /* Project object */;
}
